// !$*UTF8*$!
{
	archiveVersion = 1;
	classes = {
	};
	objectVersion = 52;
	objects = {

/* Begin PBXBuildFile section */
		800DB7B7263D6C7400A4A2C1 /* Constants.swift in Sources */ = {isa = PBXBuildFile; fileRef = 800DB7B6263D6C7400A4A2C1 /* Constants.swift */; };
		800DB7B9263D95F000A4A2C1 /* Grid.swift in Sources */ = {isa = PBXBuildFile; fileRef = 800DB7B8263D95F000A4A2C1 /* Grid.swift */; };
		800DB7BB263DE46000A4A2C1 /* Array.swift in Sources */ = {isa = PBXBuildFile; fileRef = 800DB7BA263DE46000A4A2C1 /* Array.swift */; };
		801128DD2642B3A600C38272 /* Star.swift in Sources */ = {isa = PBXBuildFile; fileRef = 801128DC2642B3A600C38272 /* Star.swift */; };
		801128DF2642B41400C38272 /* Pie.swift in Sources */ = {isa = PBXBuildFile; fileRef = 801128DE2642B41400C38272 /* Pie.swift */; };
		801796452643B2D10061B4E0 /* CardOnboardData.swift in Sources */ = {isa = PBXBuildFile; fileRef = 801796442643B2D10061B4E0 /* CardOnboardData.swift */; };
		803D1EA4265F3709009EA74E /* AnimationForAppear.swift in Sources */ = {isa = PBXBuildFile; fileRef = 803D1EA3265F3709009EA74E /* AnimationForAppear.swift */; };
		8042779626592E0B00F3E217 /* VictoryView.swift in Sources */ = {isa = PBXBuildFile; fileRef = 8042779526592E0B00F3E217 /* VictoryView.swift */; };
		8042779826595B0F00F3E217 /* Animation.swift in Sources */ = {isa = PBXBuildFile; fileRef = 8042779726595B0F00F3E217 /* Animation.swift */; };
		804A61F1265C178500D0C73C /* ProFile.swift in Sources */ = {isa = PBXBuildFile; fileRef = 804A61F0265C178500D0C73C /* ProFile.swift */; };
		804B62672652DD0200DE3792 /* View.swift in Sources */ = {isa = PBXBuildFile; fileRef = 804B625E2652DD0200DE3792 /* View.swift */; };
		804B62682652DD0200DE3792 /* CustomCorners.swift in Sources */ = {isa = PBXBuildFile; fileRef = 804B625F2652DD0200DE3792 /* CustomCorners.swift */; };
		804B626A2652DD0200DE3792 /* TabButton.swift in Sources */ = {isa = PBXBuildFile; fileRef = 804B62622652DD0200DE3792 /* TabButton.swift */; };
		804B626B2652DD0200DE3792 /* Home.swift in Sources */ = {isa = PBXBuildFile; fileRef = 804B62632652DD0200DE3792 /* Home.swift */; };
		804B626C2652DD0200DE3792 /* SideMenu.swift in Sources */ = {isa = PBXBuildFile; fileRef = 804B62642652DD0200DE3792 /* SideMenu.swift */; };
		804B626D2652DD0200DE3792 /* SideMenuMainView.swift in Sources */ = {isa = PBXBuildFile; fileRef = 804B62652652DD0200DE3792 /* SideMenuMainView.swift */; };
		804B627026530ED100DE3792 /* BurgerButton.swift in Sources */ = {isa = PBXBuildFile; fileRef = 804B626F26530ED100DE3792 /* BurgerButton.swift */; };
		805E07772654283400DDD8FB /* ButtonRemoveAlarm.swift in Sources */ = {isa = PBXBuildFile; fileRef = 805E07762654283400DDD8FB /* ButtonRemoveAlarm.swift */; };
		806296722653D08F0091469E /* ButtonSetNotification.swift in Sources */ = {isa = PBXBuildFile; fileRef = 8062966E2653D08F0091469E /* ButtonSetNotification.swift */; };
		806296732653D08F0091469E /* NotificationView.swift in Sources */ = {isa = PBXBuildFile; fileRef = 8062966F2653D08F0091469E /* NotificationView.swift */; };
		806296742653D08F0091469E /* NotificationManager.swift in Sources */ = {isa = PBXBuildFile; fileRef = 806296712653D08F0091469E /* NotificationManager.swift */; };
		806296762653F98A0091469E /* AnyTransition.swift in Sources */ = {isa = PBXBuildFile; fileRef = 806296752653F98A0091469E /* AnyTransition.swift */; };
		806A0233263F44A00076EC1A /* Color.swift in Sources */ = {isa = PBXBuildFile; fileRef = 806A0232263F44A00076EC1A /* Color.swift */; };
		806C1A6D266FC6D800109432 /* User.swift in Sources */ = {isa = PBXBuildFile; fileRef = 806C1A6C266FC6D800109432 /* User.swift */; };
		806C1A70266FCC8200109432 /* SessionFirebase.swift in Sources */ = {isa = PBXBuildFile; fileRef = 806C1A6F266FCC8200109432 /* SessionFirebase.swift */; };
		806C1A72266FCC8E00109432 /* ImageLoaderAndCache.swift in Sources */ = {isa = PBXBuildFile; fileRef = 806C1A71266FCC8E00109432 /* ImageLoaderAndCache.swift */; };
		806C1A75266FCD6E00109432 /* FirebaseAuth in Frameworks */ = {isa = PBXBuildFile; productRef = 806C1A74266FCD6E00109432 /* FirebaseAuth */; };
		806C1A77266FCD6E00109432 /* FirebaseFirestore in Frameworks */ = {isa = PBXBuildFile; productRef = 806C1A76266FCD6E00109432 /* FirebaseFirestore */; };
		806C1A79266FCD6E00109432 /* FirebaseStorage in Frameworks */ = {isa = PBXBuildFile; productRef = 806C1A78266FCD6E00109432 /* FirebaseStorage */; };
		806C1A7B266FCDA400109432 /* GoogleService-Info.plist in Resources */ = {isa = PBXBuildFile; fileRef = 806C1A7A266FCDA400109432 /* GoogleService-Info.plist */; };
		806C1A7D266FCF2800109432 /* ImagePicker.swift in Sources */ = {isa = PBXBuildFile; fileRef = 806C1A7C266FCF2800109432 /* ImagePicker.swift */; };
		806C1A81266FE7DD00109432 /* FrameAvatar.swift in Sources */ = {isa = PBXBuildFile; fileRef = 806C1A80266FE7DD00109432 /* FrameAvatar.swift */; };
		806C1A84266FF3B000109432 /* ImageWithURL.swift in Sources */ = {isa = PBXBuildFile; fileRef = 806C1A83266FF3B000109432 /* ImageWithURL.swift */; };
		806EC7C22643C9BF00B93D90 /* OnboardingView.swift in Sources */ = {isa = PBXBuildFile; fileRef = 806EC7C12643C9BF00B93D90 /* OnboardingView.swift */; };
		807B3175265A97C200F63953 /* GradientTrophy.swift in Sources */ = {isa = PBXBuildFile; fileRef = 807B3174265A97C200F63953 /* GradientTrophy.swift */; };
		807B31A2265BD16600F63953 /* SignOutButton.swift in Sources */ = {isa = PBXBuildFile; fileRef = 807B31A1265BD16600F63953 /* SignOutButton.swift */; };
		807B31A4265BE5D700F63953 /* TwoBackgroundCard.swift in Sources */ = {isa = PBXBuildFile; fileRef = 807B31A3265BE5D700F63953 /* TwoBackgroundCard.swift */; };
		807C4BA8266B8F7D00C3DEA5 /* BlurView.swift in Sources */ = {isa = PBXBuildFile; fileRef = 807C4BA7266B8F7D00C3DEA5 /* BlurView.swift */; };
		808699C7264695D700DAD8BE /* Cardify.swift in Sources */ = {isa = PBXBuildFile; fileRef = 808699C6264695D700DAD8BE /* Cardify.swift */; };
		8088FB8226742AE500A4B1B7 /* ScoreData.swift in Sources */ = {isa = PBXBuildFile; fileRef = 8088FB8126742AE500A4B1B7 /* ScoreData.swift */; };
		8088FB852674317900A4B1B7 /* RectangleReverseAngle.swift in Sources */ = {isa = PBXBuildFile; fileRef = 8088FB842674317900A4B1B7 /* RectangleReverseAngle.swift */; };
		8088FB87267431F400A4B1B7 /* Header.swift in Sources */ = {isa = PBXBuildFile; fileRef = 8088FB86267431F400A4B1B7 /* Header.swift */; };
		8088FB892674322F00A4B1B7 /* OneCardScore.swift in Sources */ = {isa = PBXBuildFile; fileRef = 8088FB882674322F00A4B1B7 /* OneCardScore.swift */; };
		8088FB8B2674335400A4B1B7 /* ScoreTableViewMain.swift in Sources */ = {isa = PBXBuildFile; fileRef = 8088FB8A2674335400A4B1B7 /* ScoreTableViewMain.swift */; };
		8089621F262C6AFB001D9C7A /* MemorizeApp.swift in Sources */ = {isa = PBXBuildFile; fileRef = 8089621E262C6AFB001D9C7A /* MemorizeApp.swift */; };
		80896221262C6AFB001D9C7A /* EmojiMemoryGameView.swift in Sources */ = {isa = PBXBuildFile; fileRef = 80896220262C6AFB001D9C7A /* EmojiMemoryGameView.swift */; };
		80896223262C6AFE001D9C7A /* Assets.xcassets in Resources */ = {isa = PBXBuildFile; fileRef = 80896222262C6AFE001D9C7A /* Assets.xcassets */; };
		80896226262C6AFE001D9C7A /* Preview Assets.xcassets in Resources */ = {isa = PBXBuildFile; fileRef = 80896225262C6AFE001D9C7A /* Preview Assets.xcassets */; };
		809BFA8F2657088100C37C48 /* ThemeModel.swift in Sources */ = {isa = PBXBuildFile; fileRef = 809BFA8C2657088000C37C48 /* ThemeModel.swift */; };
		809BFA902657088100C37C48 /* ThemeSettings.swift in Sources */ = {isa = PBXBuildFile; fileRef = 809BFA8D2657088000C37C48 /* ThemeSettings.swift */; };
		809BFA912657088100C37C48 /* ThemeData.swift in Sources */ = {isa = PBXBuildFile; fileRef = 809BFA8E2657088000C37C48 /* ThemeData.swift */; };
		809F4D8326553EFD00ED0598 /* CardTheme.swift in Sources */ = {isa = PBXBuildFile; fileRef = 809F4D8226553EFD00ED0598 /* CardTheme.swift */; };
		809F4D852655414C00ED0598 /* IconDescription.swift in Sources */ = {isa = PBXBuildFile; fileRef = 809F4D842655414C00ED0598 /* IconDescription.swift */; };
		809F4D87265544C400ED0598 /* BackgroundCard.swift in Sources */ = {isa = PBXBuildFile; fileRef = 809F4D86265544C400ED0598 /* BackgroundCard.swift */; };
		809F4D892655492600ED0598 /* NameTheme.swift in Sources */ = {isa = PBXBuildFile; fileRef = 809F4D882655492500ED0598 /* NameTheme.swift */; };
		80A2C1E72655B97B0023E28E /* ThemeViewMain.swift in Sources */ = {isa = PBXBuildFile; fileRef = 80A2C1E62655B97B0023E28E /* ThemeViewMain.swift */; };
		80A434B02666DC0B004F0343 /* RulesView.swift in Sources */ = {isa = PBXBuildFile; fileRef = 80A434AF2666DC0B004F0343 /* RulesView.swift */; };
		80A4F671264392C100A0BCA2 /* OnboardModel.swift in Sources */ = {isa = PBXBuildFile; fileRef = 80A4F670264392C100A0BCA2 /* OnboardModel.swift */; };
		80A4F678264394FD00A0BCA2 /* CardOnboardView.swift in Sources */ = {isa = PBXBuildFile; fileRef = 80A4F677264394FD00A0BCA2 /* CardOnboardView.swift */; };
		80BE0662262D8B3F00EAF9C4 /* MemoryGame.swift in Sources */ = {isa = PBXBuildFile; fileRef = 80BE0661262D8B3F00EAF9C4 /* MemoryGame.swift */; };
		80BE0667262D92C900EAF9C4 /* EmojiMemoryGame.swift in Sources */ = {isa = PBXBuildFile; fileRef = 80BE0666262D92C900EAF9C4 /* EmojiMemoryGame.swift */; };
		80C0419D2645DC6800501EB8 /* TopPanelMenu.swift in Sources */ = {isa = PBXBuildFile; fileRef = 80C0419C2645DC6800501EB8 /* TopPanelMenu.swift */; };
		80C0419F2645DD4800501EB8 /* CardView.swift in Sources */ = {isa = PBXBuildFile; fileRef = 80C0419E2645DD4800501EB8 /* CardView.swift */; };
		80ECBF99266580A200684F6C /* PasswordCheck.swift in Sources */ = {isa = PBXBuildFile; fileRef = 80ECBF96266580A200684F6C /* PasswordCheck.swift */; };
		80ECBF9C266580C200684F6C /* SignViewModel.swift in Sources */ = {isa = PBXBuildFile; fileRef = 80ECBF9B266580C200684F6C /* SignViewModel.swift */; };
		80ECBFA6266581F300684F6C /* SignSelectButton.swift in Sources */ = {isa = PBXBuildFile; fileRef = 80ECBF9E266581F300684F6C /* SignSelectButton.swift */; };
		80ECBFA7266581F300684F6C /* BackgroundCardSign.swift in Sources */ = {isa = PBXBuildFile; fileRef = 80ECBF9F266581F300684F6C /* BackgroundCardSign.swift */; };
		80ECBFA8266581F300684F6C /* AnketaSignIn.swift in Sources */ = {isa = PBXBuildFile; fileRef = 80ECBFA0266581F300684F6C /* AnketaSignIn.swift */; };
		80ECBFA9266581F300684F6C /* Line.swift in Sources */ = {isa = PBXBuildFile; fileRef = 80ECBFA1266581F300684F6C /* Line.swift */; };
		80ECBFAA266581F300684F6C /* AnketaSignUp.swift in Sources */ = {isa = PBXBuildFile; fileRef = 80ECBFA2266581F300684F6C /* AnketaSignUp.swift */; };
		80ECBFAB266581F300684F6C /* SignStyleButton.swift in Sources */ = {isa = PBXBuildFile; fileRef = 80ECBFA3266581F300684F6C /* SignStyleButton.swift */; };
		80ECBFAC266581F300684F6C /* SignMainView.swift in Sources */ = {isa = PBXBuildFile; fileRef = 80ECBFA4266581F300684F6C /* SignMainView.swift */; };
		80ECBFAD266581F300684F6C /* BubbleBlowerAnimation.swift in Sources */ = {isa = PBXBuildFile; fileRef = 80ECBFA5266581F300684F6C /* BubbleBlowerAnimation.swift */; };
/* End PBXBuildFile section */

/* Begin PBXFileReference section */
		800DB7B6263D6C7400A4A2C1 /* Constants.swift */ = {isa = PBXFileReference; lastKnownFileType = sourcecode.swift; path = Constants.swift; sourceTree = "<group>"; };
		800DB7B8263D95F000A4A2C1 /* Grid.swift */ = {isa = PBXFileReference; lastKnownFileType = sourcecode.swift; path = Grid.swift; sourceTree = "<group>"; };
		800DB7BA263DE46000A4A2C1 /* Array.swift */ = {isa = PBXFileReference; lastKnownFileType = sourcecode.swift; path = Array.swift; sourceTree = "<group>"; };
		801128DC2642B3A600C38272 /* Star.swift */ = {isa = PBXFileReference; lastKnownFileType = sourcecode.swift; path = Star.swift; sourceTree = "<group>"; };
		801128DE2642B41400C38272 /* Pie.swift */ = {isa = PBXFileReference; lastKnownFileType = sourcecode.swift; path = Pie.swift; sourceTree = "<group>"; };
		801796442643B2D10061B4E0 /* CardOnboardData.swift */ = {isa = PBXFileReference; lastKnownFileType = sourcecode.swift; path = CardOnboardData.swift; sourceTree = "<group>"; };
		803D1EA3265F3709009EA74E /* AnimationForAppear.swift */ = {isa = PBXFileReference; lastKnownFileType = sourcecode.swift; path = AnimationForAppear.swift; sourceTree = "<group>"; };
		8042779526592E0B00F3E217 /* VictoryView.swift */ = {isa = PBXFileReference; lastKnownFileType = sourcecode.swift; path = VictoryView.swift; sourceTree = "<group>"; };
		8042779726595B0F00F3E217 /* Animation.swift */ = {isa = PBXFileReference; lastKnownFileType = sourcecode.swift; path = Animation.swift; sourceTree = "<group>"; };
		804A61F0265C178500D0C73C /* ProFile.swift */ = {isa = PBXFileReference; lastKnownFileType = sourcecode.swift; path = ProFile.swift; sourceTree = "<group>"; };
		804B625E2652DD0200DE3792 /* View.swift */ = {isa = PBXFileReference; fileEncoding = 4; lastKnownFileType = sourcecode.swift; path = View.swift; sourceTree = "<group>"; };
		804B625F2652DD0200DE3792 /* CustomCorners.swift */ = {isa = PBXFileReference; fileEncoding = 4; lastKnownFileType = sourcecode.swift; path = CustomCorners.swift; sourceTree = "<group>"; };
		804B62622652DD0200DE3792 /* TabButton.swift */ = {isa = PBXFileReference; fileEncoding = 4; lastKnownFileType = sourcecode.swift; path = TabButton.swift; sourceTree = "<group>"; };
		804B62632652DD0200DE3792 /* Home.swift */ = {isa = PBXFileReference; fileEncoding = 4; lastKnownFileType = sourcecode.swift; path = Home.swift; sourceTree = "<group>"; };
		804B62642652DD0200DE3792 /* SideMenu.swift */ = {isa = PBXFileReference; fileEncoding = 4; lastKnownFileType = sourcecode.swift; path = SideMenu.swift; sourceTree = "<group>"; };
		804B62652652DD0200DE3792 /* SideMenuMainView.swift */ = {isa = PBXFileReference; fileEncoding = 4; lastKnownFileType = sourcecode.swift; path = SideMenuMainView.swift; sourceTree = "<group>"; };
		804B626F26530ED100DE3792 /* BurgerButton.swift */ = {isa = PBXFileReference; lastKnownFileType = sourcecode.swift; path = BurgerButton.swift; sourceTree = "<group>"; };
		805E07762654283400DDD8FB /* ButtonRemoveAlarm.swift */ = {isa = PBXFileReference; lastKnownFileType = sourcecode.swift; path = ButtonRemoveAlarm.swift; sourceTree = "<group>"; };
		8062966E2653D08F0091469E /* ButtonSetNotification.swift */ = {isa = PBXFileReference; fileEncoding = 4; lastKnownFileType = sourcecode.swift; path = ButtonSetNotification.swift; sourceTree = "<group>"; };
		8062966F2653D08F0091469E /* NotificationView.swift */ = {isa = PBXFileReference; fileEncoding = 4; lastKnownFileType = sourcecode.swift; path = NotificationView.swift; sourceTree = "<group>"; };
		806296712653D08F0091469E /* NotificationManager.swift */ = {isa = PBXFileReference; fileEncoding = 4; lastKnownFileType = sourcecode.swift; path = NotificationManager.swift; sourceTree = "<group>"; };
		806296752653F98A0091469E /* AnyTransition.swift */ = {isa = PBXFileReference; lastKnownFileType = sourcecode.swift; path = AnyTransition.swift; sourceTree = "<group>"; };
		806A0232263F44A00076EC1A /* Color.swift */ = {isa = PBXFileReference; lastKnownFileType = sourcecode.swift; path = Color.swift; sourceTree = "<group>"; };
		806C1A6C266FC6D800109432 /* User.swift */ = {isa = PBXFileReference; lastKnownFileType = sourcecode.swift; path = User.swift; sourceTree = "<group>"; };
		806C1A6F266FCC8200109432 /* SessionFirebase.swift */ = {isa = PBXFileReference; fileEncoding = 4; lastKnownFileType = sourcecode.swift; path = SessionFirebase.swift; sourceTree = "<group>"; };
		806C1A71266FCC8E00109432 /* ImageLoaderAndCache.swift */ = {isa = PBXFileReference; fileEncoding = 4; lastKnownFileType = sourcecode.swift; path = ImageLoaderAndCache.swift; sourceTree = "<group>"; };
		806C1A7A266FCDA400109432 /* GoogleService-Info.plist */ = {isa = PBXFileReference; fileEncoding = 4; lastKnownFileType = text.plist.xml; path = "GoogleService-Info.plist"; sourceTree = "<group>"; };
		806C1A7C266FCF2800109432 /* ImagePicker.swift */ = {isa = PBXFileReference; fileEncoding = 4; lastKnownFileType = sourcecode.swift; path = ImagePicker.swift; sourceTree = "<group>"; };
		806C1A80266FE7DD00109432 /* FrameAvatar.swift */ = {isa = PBXFileReference; fileEncoding = 4; lastKnownFileType = sourcecode.swift; path = FrameAvatar.swift; sourceTree = "<group>"; };
		806C1A83266FF3B000109432 /* ImageWithURL.swift */ = {isa = PBXFileReference; fileEncoding = 4; lastKnownFileType = sourcecode.swift; path = ImageWithURL.swift; sourceTree = "<group>"; };
		806EC7C12643C9BF00B93D90 /* OnboardingView.swift */ = {isa = PBXFileReference; lastKnownFileType = sourcecode.swift; path = OnboardingView.swift; sourceTree = "<group>"; };
		807B3174265A97C200F63953 /* GradientTrophy.swift */ = {isa = PBXFileReference; lastKnownFileType = sourcecode.swift; path = GradientTrophy.swift; sourceTree = "<group>"; };
		807B31A1265BD16600F63953 /* SignOutButton.swift */ = {isa = PBXFileReference; lastKnownFileType = sourcecode.swift; path = SignOutButton.swift; sourceTree = "<group>"; };
		807B31A3265BE5D700F63953 /* TwoBackgroundCard.swift */ = {isa = PBXFileReference; lastKnownFileType = sourcecode.swift; path = TwoBackgroundCard.swift; sourceTree = "<group>"; };
		807C4BA7266B8F7D00C3DEA5 /* BlurView.swift */ = {isa = PBXFileReference; lastKnownFileType = sourcecode.swift; path = BlurView.swift; sourceTree = "<group>"; };
		808699C6264695D700DAD8BE /* Cardify.swift */ = {isa = PBXFileReference; lastKnownFileType = sourcecode.swift; path = Cardify.swift; sourceTree = "<group>"; };
		8088FB8126742AE500A4B1B7 /* ScoreData.swift */ = {isa = PBXFileReference; fileEncoding = 4; lastKnownFileType = sourcecode.swift; path = ScoreData.swift; sourceTree = "<group>"; };
		8088FB842674317900A4B1B7 /* RectangleReverseAngle.swift */ = {isa = PBXFileReference; fileEncoding = 4; lastKnownFileType = sourcecode.swift; path = RectangleReverseAngle.swift; sourceTree = "<group>"; };
		8088FB86267431F400A4B1B7 /* Header.swift */ = {isa = PBXFileReference; fileEncoding = 4; lastKnownFileType = sourcecode.swift; path = Header.swift; sourceTree = "<group>"; };
		8088FB882674322F00A4B1B7 /* OneCardScore.swift */ = {isa = PBXFileReference; fileEncoding = 4; lastKnownFileType = sourcecode.swift; path = OneCardScore.swift; sourceTree = "<group>"; };
		8088FB8A2674335400A4B1B7 /* ScoreTableViewMain.swift */ = {isa = PBXFileReference; fileEncoding = 4; lastKnownFileType = sourcecode.swift; path = ScoreTableViewMain.swift; sourceTree = "<group>"; };
		8089621B262C6AFB001D9C7A /* Memorize.app */ = {isa = PBXFileReference; explicitFileType = wrapper.application; includeInIndex = 0; path = Memorize.app; sourceTree = BUILT_PRODUCTS_DIR; };
		8089621E262C6AFB001D9C7A /* MemorizeApp.swift */ = {isa = PBXFileReference; lastKnownFileType = sourcecode.swift; path = MemorizeApp.swift; sourceTree = "<group>"; };
		80896220262C6AFB001D9C7A /* EmojiMemoryGameView.swift */ = {isa = PBXFileReference; lastKnownFileType = sourcecode.swift; path = EmojiMemoryGameView.swift; sourceTree = "<group>"; };
		80896222262C6AFE001D9C7A /* Assets.xcassets */ = {isa = PBXFileReference; lastKnownFileType = folder.assetcatalog; path = Assets.xcassets; sourceTree = "<group>"; };
		80896225262C6AFE001D9C7A /* Preview Assets.xcassets */ = {isa = PBXFileReference; lastKnownFileType = folder.assetcatalog; path = "Preview Assets.xcassets"; sourceTree = "<group>"; };
		80896227262C6AFE001D9C7A /* Info.plist */ = {isa = PBXFileReference; lastKnownFileType = text.plist.xml; path = Info.plist; sourceTree = "<group>"; };
		809BFA8C2657088000C37C48 /* ThemeModel.swift */ = {isa = PBXFileReference; fileEncoding = 4; lastKnownFileType = sourcecode.swift; path = ThemeModel.swift; sourceTree = "<group>"; };
		809BFA8D2657088000C37C48 /* ThemeSettings.swift */ = {isa = PBXFileReference; fileEncoding = 4; lastKnownFileType = sourcecode.swift; path = ThemeSettings.swift; sourceTree = "<group>"; };
		809BFA8E2657088000C37C48 /* ThemeData.swift */ = {isa = PBXFileReference; fileEncoding = 4; lastKnownFileType = sourcecode.swift; path = ThemeData.swift; sourceTree = "<group>"; };
		809F4D8226553EFD00ED0598 /* CardTheme.swift */ = {isa = PBXFileReference; lastKnownFileType = sourcecode.swift; path = CardTheme.swift; sourceTree = "<group>"; };
		809F4D842655414C00ED0598 /* IconDescription.swift */ = {isa = PBXFileReference; lastKnownFileType = sourcecode.swift; path = IconDescription.swift; sourceTree = "<group>"; };
		809F4D86265544C400ED0598 /* BackgroundCard.swift */ = {isa = PBXFileReference; lastKnownFileType = sourcecode.swift; path = BackgroundCard.swift; sourceTree = "<group>"; };
		809F4D882655492500ED0598 /* NameTheme.swift */ = {isa = PBXFileReference; lastKnownFileType = sourcecode.swift; path = NameTheme.swift; sourceTree = "<group>"; };
		80A2C1E62655B97B0023E28E /* ThemeViewMain.swift */ = {isa = PBXFileReference; lastKnownFileType = sourcecode.swift; path = ThemeViewMain.swift; sourceTree = "<group>"; };
		80A434AF2666DC0B004F0343 /* RulesView.swift */ = {isa = PBXFileReference; lastKnownFileType = sourcecode.swift; path = RulesView.swift; sourceTree = "<group>"; };
		80A4F670264392C100A0BCA2 /* OnboardModel.swift */ = {isa = PBXFileReference; lastKnownFileType = sourcecode.swift; path = OnboardModel.swift; sourceTree = "<group>"; };
		80A4F677264394FD00A0BCA2 /* CardOnboardView.swift */ = {isa = PBXFileReference; lastKnownFileType = sourcecode.swift; path = CardOnboardView.swift; sourceTree = "<group>"; };
		80BE0661262D8B3F00EAF9C4 /* MemoryGame.swift */ = {isa = PBXFileReference; lastKnownFileType = sourcecode.swift; path = MemoryGame.swift; sourceTree = "<group>"; };
		80BE0666262D92C900EAF9C4 /* EmojiMemoryGame.swift */ = {isa = PBXFileReference; lastKnownFileType = sourcecode.swift; path = EmojiMemoryGame.swift; sourceTree = "<group>"; };
		80C0419C2645DC6800501EB8 /* TopPanelMenu.swift */ = {isa = PBXFileReference; lastKnownFileType = sourcecode.swift; path = TopPanelMenu.swift; sourceTree = "<group>"; };
		80C0419E2645DD4800501EB8 /* CardView.swift */ = {isa = PBXFileReference; lastKnownFileType = sourcecode.swift; path = CardView.swift; sourceTree = "<group>"; };
		80ECBF96266580A200684F6C /* PasswordCheck.swift */ = {isa = PBXFileReference; fileEncoding = 4; lastKnownFileType = sourcecode.swift; path = PasswordCheck.swift; sourceTree = "<group>"; };
		80ECBF9B266580C200684F6C /* SignViewModel.swift */ = {isa = PBXFileReference; fileEncoding = 4; lastKnownFileType = sourcecode.swift; path = SignViewModel.swift; sourceTree = "<group>"; };
		80ECBF9E266581F300684F6C /* SignSelectButton.swift */ = {isa = PBXFileReference; fileEncoding = 4; lastKnownFileType = sourcecode.swift; path = SignSelectButton.swift; sourceTree = "<group>"; };
		80ECBF9F266581F300684F6C /* BackgroundCardSign.swift */ = {isa = PBXFileReference; fileEncoding = 4; lastKnownFileType = sourcecode.swift; path = BackgroundCardSign.swift; sourceTree = "<group>"; };
		80ECBFA0266581F300684F6C /* AnketaSignIn.swift */ = {isa = PBXFileReference; fileEncoding = 4; lastKnownFileType = sourcecode.swift; path = AnketaSignIn.swift; sourceTree = "<group>"; };
		80ECBFA1266581F300684F6C /* Line.swift */ = {isa = PBXFileReference; fileEncoding = 4; lastKnownFileType = sourcecode.swift; path = Line.swift; sourceTree = "<group>"; };
		80ECBFA2266581F300684F6C /* AnketaSignUp.swift */ = {isa = PBXFileReference; fileEncoding = 4; lastKnownFileType = sourcecode.swift; path = AnketaSignUp.swift; sourceTree = "<group>"; };
		80ECBFA3266581F300684F6C /* SignStyleButton.swift */ = {isa = PBXFileReference; fileEncoding = 4; lastKnownFileType = sourcecode.swift; path = SignStyleButton.swift; sourceTree = "<group>"; };
		80ECBFA4266581F300684F6C /* SignMainView.swift */ = {isa = PBXFileReference; fileEncoding = 4; lastKnownFileType = sourcecode.swift; path = SignMainView.swift; sourceTree = "<group>"; };
		80ECBFA5266581F300684F6C /* BubbleBlowerAnimation.swift */ = {isa = PBXFileReference; fileEncoding = 4; lastKnownFileType = sourcecode.swift; path = BubbleBlowerAnimation.swift; sourceTree = "<group>"; };
/* End PBXFileReference section */

/* Begin PBXFrameworksBuildPhase section */
		80896218262C6AFB001D9C7A /* Frameworks */ = {
			isa = PBXFrameworksBuildPhase;
			buildActionMask = 2147483647;
			files = (
				806C1A75266FCD6E00109432 /* FirebaseAuth in Frameworks */,
				806C1A77266FCD6E00109432 /* FirebaseFirestore in Frameworks */,
				806C1A79266FCD6E00109432 /* FirebaseStorage in Frameworks */,
			);
			runOnlyForDeploymentPostprocessing = 0;
		};
/* End PBXFrameworksBuildPhase section */

/* Begin PBXGroup section */
		800DB7B4263D6A5B00A4A2C1 /* System32 */ = {
			isa = PBXGroup;
			children = (
				80896222262C6AFE001D9C7A /* Assets.xcassets */,
				80896227262C6AFE001D9C7A /* Info.plist */,
				806C1A7A266FCDA400109432 /* GoogleService-Info.plist */,
				80896224262C6AFE001D9C7A /* Preview Content */,
			);
			path = System32;
			sourceTree = "<group>";
		};
		800DB7B5263D6BC700A4A2C1 /* Addition */ = {
			isa = PBXGroup;
			children = (
				808699C6264695D700DAD8BE /* Cardify.swift */,
				800DB7B6263D6C7400A4A2C1 /* Constants.swift */,
				804B625F2652DD0200DE3792 /* CustomCorners.swift */,
				800DB7B8263D95F000A4A2C1 /* Grid.swift */,
			);
			path = Addition;
			sourceTree = "<group>";
		};
		801128DB2642B37E00C38272 /* Shape */ = {
			isa = PBXGroup;
			children = (
				801128DC2642B3A600C38272 /* Star.swift */,
				801128DE2642B41400C38272 /* Pie.swift */,
			);
			path = Shape;
			sourceTree = "<group>";
		};
		803D1EA2265F36D5009EA74E /* onAppear */ = {
			isa = PBXGroup;
			children = (
				803D1EA3265F3709009EA74E /* AnimationForAppear.swift */,
			);
			path = onAppear;
			sourceTree = "<group>";
		};
		804B625B2652DC8800DE3792 /* SideMenu */ = {
			isa = PBXGroup;
			children = (
				804B62612652DD0200DE3792 /* View */,
			);
			path = SideMenu;
			sourceTree = "<group>";
		};
		804B625C2652DCB100DE3792 /* Game */ = {
			isa = PBXGroup;
			children = (
				80BE0664262D912D00EAF9C4 /* Model */,
				80BE0665262D929400EAF9C4 /* ViewModel */,
				80F95316263B431900F55642 /* View */,
				800DB7B5263D6BC700A4A2C1 /* Addition */,
				801128DB2642B37E00C38272 /* Shape */,
			);
			path = Game;
			sourceTree = "<group>";
		};
		804B62612652DD0200DE3792 /* View */ = {
			isa = PBXGroup;
			children = (
				804B62652652DD0200DE3792 /* SideMenuMainView.swift */,
				804B62622652DD0200DE3792 /* TabButton.swift */,
				804B62632652DD0200DE3792 /* Home.swift */,
				804B62642652DD0200DE3792 /* SideMenu.swift */,
				804B626F26530ED100DE3792 /* BurgerButton.swift */,
				807B31A1265BD16600F63953 /* SignOutButton.swift */,
				807B31A3265BE5D700F63953 /* TwoBackgroundCard.swift */,
				804A61F0265C178500D0C73C /* ProFile.swift */,
			);
			path = View;
			sourceTree = "<group>";
		};
		8062966B2653C4290091469E /* Extension */ = {
			isa = PBXGroup;
			children = (
				804B625E2652DD0200DE3792 /* View.swift */,
				800DB7BA263DE46000A4A2C1 /* Array.swift */,
				806296752653F98A0091469E /* AnyTransition.swift */,
				8042779726595B0F00F3E217 /* Animation.swift */,
				806A0232263F44A00076EC1A /* Color.swift */,
			);
			path = Extension;
			sourceTree = "<group>";
		};
		8062966C2653CF750091469E /* Notification */ = {
			isa = PBXGroup;
			children = (
				8062966D2653D08F0091469E /* View */,
				806296702653D08F0091469E /* NotificationManager */,
			);
			path = Notification;
			sourceTree = "<group>";
		};
		8062966D2653D08F0091469E /* View */ = {
			isa = PBXGroup;
			children = (
				8062966F2653D08F0091469E /* NotificationView.swift */,
				8062966E2653D08F0091469E /* ButtonSetNotification.swift */,
				805E07762654283400DDD8FB /* ButtonRemoveAlarm.swift */,
			);
			path = View;
			sourceTree = "<group>";
		};
		806296702653D08F0091469E /* NotificationManager */ = {
			isa = PBXGroup;
			children = (
				806296712653D08F0091469E /* NotificationManager.swift */,
			);
			path = NotificationManager;
			sourceTree = "<group>";
		};
		806C1A6E266FCC5E00109432 /* NetworkManager */ = {
			isa = PBXGroup;
			children = (
				806C1A6F266FCC8200109432 /* SessionFirebase.swift */,
				806C1A71266FCC8E00109432 /* ImageLoaderAndCache.swift */,
			);
			path = NetworkManager;
			sourceTree = "<group>";
		};
		806C1A82266FE91000109432 /* Helper */ = {
			isa = PBXGroup;
			children = (
				80ECBF9E266581F300684F6C /* SignSelectButton.swift */,
				806C1A83266FF3B000109432 /* ImageWithURL.swift */,
				80ECBF9F266581F300684F6C /* BackgroundCardSign.swift */,
				806C1A80266FE7DD00109432 /* FrameAvatar.swift */,
				806C1A7C266FCF2800109432 /* ImagePicker.swift */,
				80ECBFA3266581F300684F6C /* SignStyleButton.swift */,
				80ECBFA1266581F300684F6C /* Line.swift */,
			);
			path = Helper;
			sourceTree = "<group>";
		};
		807B3173265A96F200F63953 /* Victory */ = {
			isa = PBXGroup;
			children = (
				8042779526592E0B00F3E217 /* VictoryView.swift */,
				807B3174265A97C200F63953 /* GradientTrophy.swift */,
			);
			path = Victory;
			sourceTree = "<group>";
		};
		8088FB7E26742A6D00A4B1B7 /* Score */ = {
			isa = PBXGroup;
			children = (
				8088FB8026742AD200A4B1B7 /* Model */,
				8088FB7F26742AC900A4B1B7 /* View */,
				8088FB832674315900A4B1B7 /* Shape */,
			);
			path = Score;
			sourceTree = "<group>";
		};
		8088FB7F26742AC900A4B1B7 /* View */ = {
			isa = PBXGroup;
			children = (
				8088FB8A2674335400A4B1B7 /* ScoreTableViewMain.swift */,
				8088FB882674322F00A4B1B7 /* OneCardScore.swift */,
				8088FB86267431F400A4B1B7 /* Header.swift */,
			);
			path = View;
			sourceTree = "<group>";
		};
		8088FB8026742AD200A4B1B7 /* Model */ = {
			isa = PBXGroup;
			children = (
				8088FB8126742AE500A4B1B7 /* ScoreData.swift */,
			);
			path = Model;
			sourceTree = "<group>";
		};
		8088FB832674315900A4B1B7 /* Shape */ = {
			isa = PBXGroup;
			children = (
				8088FB842674317900A4B1B7 /* RectangleReverseAngle.swift */,
			);
			path = Shape;
			sourceTree = "<group>";
		};
		80896212262C6AFB001D9C7A = {
			isa = PBXGroup;
			children = (
				8089621D262C6AFB001D9C7A /* Memorize */,
				8089621C262C6AFB001D9C7A /* Products */,
			);
			sourceTree = "<group>";
		};
		8089621C262C6AFB001D9C7A /* Products */ = {
			isa = PBXGroup;
			children = (
				8089621B262C6AFB001D9C7A /* Memorize.app */,
			);
			name = Products;
			sourceTree = "<group>";
		};
		8089621D262C6AFB001D9C7A /* Memorize */ = {
			isa = PBXGroup;
			children = (
				8089621E262C6AFB001D9C7A /* MemorizeApp.swift */,
				804B625C2652DCB100DE3792 /* Game */,
				804B625B2652DC8800DE3792 /* SideMenu */,
				80ECBF922665808C00684F6C /* Sign */,
				8088FB7E26742A6D00A4B1B7 /* Score */,
				8062966C2653CF750091469E /* Notification */,
				80A434AE2666DBEE004F0343 /* Rules */,
				80A4F66E2643921E00A0BCA2 /* Onboarding */,
				809F4D7D26553DFC00ED0598 /* Theme */,
				8062966B2653C4290091469E /* Extension */,
				800DB7B4263D6A5B00A4A2C1 /* System32 */,
			);
			path = Memorize;
			sourceTree = "<group>";
		};
		80896224262C6AFE001D9C7A /* Preview Content */ = {
			isa = PBXGroup;
			children = (
				80896225262C6AFE001D9C7A /* Preview Assets.xcassets */,
			);
			path = "Preview Content";
			sourceTree = "<group>";
		};
		809BFA8B2657088000C37C48 /* Model */ = {
			isa = PBXGroup;
			children = (
				809BFA8C2657088000C37C48 /* ThemeModel.swift */,
				809BFA8E2657088000C37C48 /* ThemeData.swift */,
				809BFA8D2657088000C37C48 /* ThemeSettings.swift */,
			);
			path = Model;
			sourceTree = "<group>";
		};
		809F4D7D26553DFC00ED0598 /* Theme */ = {
			isa = PBXGroup;
			children = (
				809BFA8B2657088000C37C48 /* Model */,
				809F4D8126553EC400ED0598 /* View */,
			);
			path = Theme;
			sourceTree = "<group>";
		};
		809F4D8126553EC400ED0598 /* View */ = {
			isa = PBXGroup;
			children = (
				80A2C1E62655B97B0023E28E /* ThemeViewMain.swift */,
				809F4D8226553EFD00ED0598 /* CardTheme.swift */,
				809F4D86265544C400ED0598 /* BackgroundCard.swift */,
				809F4D882655492500ED0598 /* NameTheme.swift */,
				809F4D842655414C00ED0598 /* IconDescription.swift */,
			);
			path = View;
			sourceTree = "<group>";
		};
		80A434AE2666DBEE004F0343 /* Rules */ = {
			isa = PBXGroup;
			children = (
				80A434AF2666DC0B004F0343 /* RulesView.swift */,
				807C4BA7266B8F7D00C3DEA5 /* BlurView.swift */,
			);
			path = Rules;
			sourceTree = "<group>";
		};
		80A4F66E2643921E00A0BCA2 /* Onboarding */ = {
			isa = PBXGroup;
			children = (
				80A4F672264392ED00A0BCA2 /* Data */,
				80A4F66F264392A300A0BCA2 /* Model */,
				80A4F6742643931C00A0BCA2 /* View */,
			);
			path = Onboarding;
			sourceTree = "<group>";
		};
		80A4F66F264392A300A0BCA2 /* Model */ = {
			isa = PBXGroup;
			children = (
				80A4F670264392C100A0BCA2 /* OnboardModel.swift */,
			);
			path = Model;
			sourceTree = "<group>";
		};
		80A4F672264392ED00A0BCA2 /* Data */ = {
			isa = PBXGroup;
			children = (
				801796442643B2D10061B4E0 /* CardOnboardData.swift */,
			);
			path = Data;
			sourceTree = "<group>";
		};
		80A4F6742643931C00A0BCA2 /* View */ = {
			isa = PBXGroup;
			children = (
				80A4F677264394FD00A0BCA2 /* CardOnboardView.swift */,
				806EC7C12643C9BF00B93D90 /* OnboardingView.swift */,
			);
			path = View;
			sourceTree = "<group>";
		};
		80BE0664262D912D00EAF9C4 /* Model */ = {
			isa = PBXGroup;
			children = (
				80BE0661262D8B3F00EAF9C4 /* MemoryGame.swift */,
			);
			path = Model;
			sourceTree = "<group>";
		};
		80BE0665262D929400EAF9C4 /* ViewModel */ = {
			isa = PBXGroup;
			children = (
				80BE0666262D92C900EAF9C4 /* EmojiMemoryGame.swift */,
			);
			path = ViewModel;
			sourceTree = "<group>";
		};
		80ECBF922665808C00684F6C /* Sign */ = {
			isa = PBXGroup;
			children = (
				80ECBF93266580A200684F6C /* Model */,
				80ECBF9A266580C200684F6C /* ViewModel */,
				806C1A6E266FCC5E00109432 /* NetworkManager */,
				80ECBF9D266581F300684F6C /* View */,
				806C1A82266FE91000109432 /* Helper */,
			);
			path = Sign;
			sourceTree = "<group>";
		};
		80ECBF93266580A200684F6C /* Model */ = {
			isa = PBXGroup;
			children = (
				80ECBF96266580A200684F6C /* PasswordCheck.swift */,
				806C1A6C266FC6D800109432 /* User.swift */,
			);
			path = Model;
			sourceTree = "<group>";
		};
		80ECBF9A266580C200684F6C /* ViewModel */ = {
			isa = PBXGroup;
			children = (
				80ECBF9B266580C200684F6C /* SignViewModel.swift */,
			);
			path = ViewModel;
			sourceTree = "<group>";
		};
		80ECBF9D266581F300684F6C /* View */ = {
			isa = PBXGroup;
			children = (
				80ECBFA4266581F300684F6C /* SignMainView.swift */,
				80ECBFA0266581F300684F6C /* AnketaSignIn.swift */,
				80ECBFA2266581F300684F6C /* AnketaSignUp.swift */,
				80ECBFA5266581F300684F6C /* BubbleBlowerAnimation.swift */,
			);
			path = View;
			sourceTree = "<group>";
		};
		80F95316263B431900F55642 /* View */ = {
			isa = PBXGroup;
			children = (
				80896220262C6AFB001D9C7A /* EmojiMemoryGameView.swift */,
				80C0419C2645DC6800501EB8 /* TopPanelMenu.swift */,
				80C0419E2645DD4800501EB8 /* CardView.swift */,
				807B3173265A96F200F63953 /* Victory */,
				803D1EA2265F36D5009EA74E /* onAppear */,
			);
			path = View;
			sourceTree = "<group>";
		};
/* End PBXGroup section */

/* Begin PBXNativeTarget section */
		8089621A262C6AFB001D9C7A /* Memorize */ = {
			isa = PBXNativeTarget;
			buildConfigurationList = 8089622A262C6AFE001D9C7A /* Build configuration list for PBXNativeTarget "Memorize" */;
			buildPhases = (
				80896217262C6AFB001D9C7A /* Sources */,
				80896218262C6AFB001D9C7A /* Frameworks */,
				80896219262C6AFB001D9C7A /* Resources */,
			);
			buildRules = (
			);
			dependencies = (
			);
			name = Memorize;
			packageProductDependencies = (
				806C1A74266FCD6E00109432 /* FirebaseAuth */,
				806C1A76266FCD6E00109432 /* FirebaseFirestore */,
				806C1A78266FCD6E00109432 /* FirebaseStorage */,
			);
			productName = Memorize;
			productReference = 8089621B262C6AFB001D9C7A /* Memorize.app */;
			productType = "com.apple.product-type.application";
		};
/* End PBXNativeTarget section */

/* Begin PBXProject section */
		80896213262C6AFB001D9C7A /* Project object */ = {
			isa = PBXProject;
			attributes = {
				LastSwiftUpdateCheck = 1240;
				LastUpgradeCheck = 1240;
				TargetAttributes = {
					8089621A262C6AFB001D9C7A = {
						CreatedOnToolsVersion = 12.4;
					};
				};
			};
			buildConfigurationList = 80896216262C6AFB001D9C7A /* Build configuration list for PBXProject "Memorize" */;
			compatibilityVersion = "Xcode 9.3";
			developmentRegion = en;
			hasScannedForEncodings = 0;
			knownRegions = (
				en,
				Base,
			);
			mainGroup = 80896212262C6AFB001D9C7A;
			packageReferences = (
				806C1A73266FCD6E00109432 /* XCRemoteSwiftPackageReference "firebase-ios-sdk" */,
			);
			productRefGroup = 8089621C262C6AFB001D9C7A /* Products */;
			projectDirPath = "";
			projectRoot = "";
			targets = (
				8089621A262C6AFB001D9C7A /* Memorize */,
			);
		};
/* End PBXProject section */

/* Begin PBXResourcesBuildPhase section */
		80896219262C6AFB001D9C7A /* Resources */ = {
			isa = PBXResourcesBuildPhase;
			buildActionMask = 2147483647;
			files = (
				80896226262C6AFE001D9C7A /* Preview Assets.xcassets in Resources */,
				80896223262C6AFE001D9C7A /* Assets.xcassets in Resources */,
				806C1A7B266FCDA400109432 /* GoogleService-Info.plist in Resources */,
			);
			runOnlyForDeploymentPostprocessing = 0;
		};
/* End PBXResourcesBuildPhase section */

/* Begin PBXSourcesBuildPhase section */
		80896217262C6AFB001D9C7A /* Sources */ = {
			isa = PBXSourcesBuildPhase;
			buildActionMask = 2147483647;
			files = (
				808699C7264695D700DAD8BE /* Cardify.swift in Sources */,
				806296722653D08F0091469E /* ButtonSetNotification.swift in Sources */,
				809BFA902657088100C37C48 /* ThemeSettings.swift in Sources */,
				80ECBFAA266581F300684F6C /* AnketaSignUp.swift in Sources */,
				806C1A70266FCC8200109432 /* SessionFirebase.swift in Sources */,
				804A61F1265C178500D0C73C /* ProFile.swift in Sources */,
				804B626D2652DD0200DE3792 /* SideMenuMainView.swift in Sources */,
				806C1A81266FE7DD00109432 /* FrameAvatar.swift in Sources */,
				800DB7B7263D6C7400A4A2C1 /* Constants.swift in Sources */,
				80C0419D2645DC6800501EB8 /* TopPanelMenu.swift in Sources */,
				806C1A6D266FC6D800109432 /* User.swift in Sources */,
				80A2C1E72655B97B0023E28E /* ThemeViewMain.swift in Sources */,
				804B626C2652DD0200DE3792 /* SideMenu.swift in Sources */,
				80896221262C6AFB001D9C7A /* EmojiMemoryGameView.swift in Sources */,
				8088FB852674317900A4B1B7 /* RectangleReverseAngle.swift in Sources */,
				800DB7BB263DE46000A4A2C1 /* Array.swift in Sources */,
				804B626B2652DD0200DE3792 /* Home.swift in Sources */,
				805E07772654283400DDD8FB /* ButtonRemoveAlarm.swift in Sources */,
				80ECBFAC266581F300684F6C /* SignMainView.swift in Sources */,
				804B627026530ED100DE3792 /* BurgerButton.swift in Sources */,
				8088FB8226742AE500A4B1B7 /* ScoreData.swift in Sources */,
				80ECBF99266580A200684F6C /* PasswordCheck.swift in Sources */,
				8088FB8B2674335400A4B1B7 /* ScoreTableViewMain.swift in Sources */,
				8042779626592E0B00F3E217 /* VictoryView.swift in Sources */,
				801128DD2642B3A600C38272 /* Star.swift in Sources */,
				807C4BA8266B8F7D00C3DEA5 /* BlurView.swift in Sources */,
				809BFA912657088100C37C48 /* ThemeData.swift in Sources */,
				803D1EA4265F3709009EA74E /* AnimationForAppear.swift in Sources */,
				807B3175265A97C200F63953 /* GradientTrophy.swift in Sources */,
				80A4F678264394FD00A0BCA2 /* CardOnboardView.swift in Sources */,
				809F4D87265544C400ED0598 /* BackgroundCard.swift in Sources */,
				806296762653F98A0091469E /* AnyTransition.swift in Sources */,
				80ECBFA8266581F300684F6C /* AnketaSignIn.swift in Sources */,
				806296742653D08F0091469E /* NotificationManager.swift in Sources */,
				804B62682652DD0200DE3792 /* CustomCorners.swift in Sources */,
				809BFA8F2657088100C37C48 /* ThemeModel.swift in Sources */,
				80BE0662262D8B3F00EAF9C4 /* MemoryGame.swift in Sources */,
				80C0419F2645DD4800501EB8 /* CardView.swift in Sources */,
				80A434B02666DC0B004F0343 /* RulesView.swift in Sources */,
				801128DF2642B41400C38272 /* Pie.swift in Sources */,
				80ECBFA6266581F300684F6C /* SignSelectButton.swift in Sources */,
				8088FB87267431F400A4B1B7 /* Header.swift in Sources */,
				8088FB892674322F00A4B1B7 /* OneCardScore.swift in Sources */,
				80ECBFA7266581F300684F6C /* BackgroundCardSign.swift in Sources */,
				80ECBFAD266581F300684F6C /* BubbleBlowerAnimation.swift in Sources */,
				807B31A4265BE5D700F63953 /* TwoBackgroundCard.swift in Sources */,
				809F4D892655492600ED0598 /* NameTheme.swift in Sources */,
				801796452643B2D10061B4E0 /* CardOnboardData.swift in Sources */,
				80ECBFA9266581F300684F6C /* Line.swift in Sources */,
				8089621F262C6AFB001D9C7A /* MemorizeApp.swift in Sources */,
				80A4F671264392C100A0BCA2 /* OnboardModel.swift in Sources */,
				80ECBFAB266581F300684F6C /* SignStyleButton.swift in Sources */,
				806C1A7D266FCF2800109432 /* ImagePicker.swift in Sources */,
				804B626A2652DD0200DE3792 /* TabButton.swift in Sources */,
				80BE0667262D92C900EAF9C4 /* EmojiMemoryGame.swift in Sources */,
				806296732653D08F0091469E /* NotificationView.swift in Sources */,
				809F4D8326553EFD00ED0598 /* CardTheme.swift in Sources */,
				800DB7B9263D95F000A4A2C1 /* Grid.swift in Sources */,
				806EC7C22643C9BF00B93D90 /* OnboardingView.swift in Sources */,
				806C1A72266FCC8E00109432 /* ImageLoaderAndCache.swift in Sources */,
				804B62672652DD0200DE3792 /* View.swift in Sources */,
				806C1A84266FF3B000109432 /* ImageWithURL.swift in Sources */,
				809F4D852655414C00ED0598 /* IconDescription.swift in Sources */,
				80ECBF9C266580C200684F6C /* SignViewModel.swift in Sources */,
				8042779826595B0F00F3E217 /* Animation.swift in Sources */,
				806A0233263F44A00076EC1A /* Color.swift in Sources */,
				807B31A2265BD16600F63953 /* SignOutButton.swift in Sources */,
			);
			runOnlyForDeploymentPostprocessing = 0;
		};
/* End PBXSourcesBuildPhase section */

/* Begin XCBuildConfiguration section */
		80896228262C6AFE001D9C7A /* Debug */ = {
			isa = XCBuildConfiguration;
			buildSettings = {
				ALWAYS_SEARCH_USER_PATHS = NO;
				CLANG_ANALYZER_NONNULL = YES;
				CLANG_ANALYZER_NUMBER_OBJECT_CONVERSION = YES_AGGRESSIVE;
				CLANG_CXX_LANGUAGE_STANDARD = "gnu++14";
				CLANG_CXX_LIBRARY = "libc++";
				CLANG_ENABLE_MODULES = YES;
				CLANG_ENABLE_OBJC_ARC = YES;
				CLANG_ENABLE_OBJC_WEAK = YES;
				CLANG_WARN_BLOCK_CAPTURE_AUTORELEASING = YES;
				CLANG_WARN_BOOL_CONVERSION = YES;
				CLANG_WARN_COMMA = YES;
				CLANG_WARN_CONSTANT_CONVERSION = YES;
				CLANG_WARN_DEPRECATED_OBJC_IMPLEMENTATIONS = YES;
				CLANG_WARN_DIRECT_OBJC_ISA_USAGE = YES_ERROR;
				CLANG_WARN_DOCUMENTATION_COMMENTS = YES;
				CLANG_WARN_EMPTY_BODY = YES;
				CLANG_WARN_ENUM_CONVERSION = YES;
				CLANG_WARN_INFINITE_RECURSION = YES;
				CLANG_WARN_INT_CONVERSION = YES;
				CLANG_WARN_NON_LITERAL_NULL_CONVERSION = YES;
				CLANG_WARN_OBJC_IMPLICIT_RETAIN_SELF = YES;
				CLANG_WARN_OBJC_LITERAL_CONVERSION = YES;
				CLANG_WARN_OBJC_ROOT_CLASS = YES_ERROR;
				CLANG_WARN_QUOTED_INCLUDE_IN_FRAMEWORK_HEADER = YES;
				CLANG_WARN_RANGE_LOOP_ANALYSIS = YES;
				CLANG_WARN_STRICT_PROTOTYPES = YES;
				CLANG_WARN_SUSPICIOUS_MOVE = YES;
				CLANG_WARN_UNGUARDED_AVAILABILITY = YES_AGGRESSIVE;
				CLANG_WARN_UNREACHABLE_CODE = YES;
				CLANG_WARN__DUPLICATE_METHOD_MATCH = YES;
				COPY_PHASE_STRIP = NO;
				DEBUG_INFORMATION_FORMAT = dwarf;
				ENABLE_STRICT_OBJC_MSGSEND = YES;
				ENABLE_TESTABILITY = YES;
				GCC_C_LANGUAGE_STANDARD = gnu11;
				GCC_DYNAMIC_NO_PIC = NO;
				GCC_NO_COMMON_BLOCKS = YES;
				GCC_OPTIMIZATION_LEVEL = 0;
				GCC_PREPROCESSOR_DEFINITIONS = (
					"DEBUG=1",
					"$(inherited)",
				);
				GCC_WARN_64_TO_32_BIT_CONVERSION = YES;
				GCC_WARN_ABOUT_RETURN_TYPE = YES_ERROR;
				GCC_WARN_UNDECLARED_SELECTOR = YES;
				GCC_WARN_UNINITIALIZED_AUTOS = YES_AGGRESSIVE;
				GCC_WARN_UNUSED_FUNCTION = YES;
				GCC_WARN_UNUSED_VARIABLE = YES;
				IPHONEOS_DEPLOYMENT_TARGET = 14.4;
				MTL_ENABLE_DEBUG_INFO = INCLUDE_SOURCE;
				MTL_FAST_MATH = YES;
				ONLY_ACTIVE_ARCH = YES;
				SDKROOT = iphoneos;
				SWIFT_ACTIVE_COMPILATION_CONDITIONS = DEBUG;
				SWIFT_OPTIMIZATION_LEVEL = "-Onone";
			};
			name = Debug;
		};
		80896229262C6AFE001D9C7A /* Release */ = {
			isa = XCBuildConfiguration;
			buildSettings = {
				ALWAYS_SEARCH_USER_PATHS = NO;
				CLANG_ANALYZER_NONNULL = YES;
				CLANG_ANALYZER_NUMBER_OBJECT_CONVERSION = YES_AGGRESSIVE;
				CLANG_CXX_LANGUAGE_STANDARD = "gnu++14";
				CLANG_CXX_LIBRARY = "libc++";
				CLANG_ENABLE_MODULES = YES;
				CLANG_ENABLE_OBJC_ARC = YES;
				CLANG_ENABLE_OBJC_WEAK = YES;
				CLANG_WARN_BLOCK_CAPTURE_AUTORELEASING = YES;
				CLANG_WARN_BOOL_CONVERSION = YES;
				CLANG_WARN_COMMA = YES;
				CLANG_WARN_CONSTANT_CONVERSION = YES;
				CLANG_WARN_DEPRECATED_OBJC_IMPLEMENTATIONS = YES;
				CLANG_WARN_DIRECT_OBJC_ISA_USAGE = YES_ERROR;
				CLANG_WARN_DOCUMENTATION_COMMENTS = YES;
				CLANG_WARN_EMPTY_BODY = YES;
				CLANG_WARN_ENUM_CONVERSION = YES;
				CLANG_WARN_INFINITE_RECURSION = YES;
				CLANG_WARN_INT_CONVERSION = YES;
				CLANG_WARN_NON_LITERAL_NULL_CONVERSION = YES;
				CLANG_WARN_OBJC_IMPLICIT_RETAIN_SELF = YES;
				CLANG_WARN_OBJC_LITERAL_CONVERSION = YES;
				CLANG_WARN_OBJC_ROOT_CLASS = YES_ERROR;
				CLANG_WARN_QUOTED_INCLUDE_IN_FRAMEWORK_HEADER = YES;
				CLANG_WARN_RANGE_LOOP_ANALYSIS = YES;
				CLANG_WARN_STRICT_PROTOTYPES = YES;
				CLANG_WARN_SUSPICIOUS_MOVE = YES;
				CLANG_WARN_UNGUARDED_AVAILABILITY = YES_AGGRESSIVE;
				CLANG_WARN_UNREACHABLE_CODE = YES;
				CLANG_WARN__DUPLICATE_METHOD_MATCH = YES;
				COPY_PHASE_STRIP = NO;
				DEBUG_INFORMATION_FORMAT = "dwarf-with-dsym";
				ENABLE_NS_ASSERTIONS = NO;
				ENABLE_STRICT_OBJC_MSGSEND = YES;
				GCC_C_LANGUAGE_STANDARD = gnu11;
				GCC_NO_COMMON_BLOCKS = YES;
				GCC_WARN_64_TO_32_BIT_CONVERSION = YES;
				GCC_WARN_ABOUT_RETURN_TYPE = YES_ERROR;
				GCC_WARN_UNDECLARED_SELECTOR = YES;
				GCC_WARN_UNINITIALIZED_AUTOS = YES_AGGRESSIVE;
				GCC_WARN_UNUSED_FUNCTION = YES;
				GCC_WARN_UNUSED_VARIABLE = YES;
				IPHONEOS_DEPLOYMENT_TARGET = 14.4;
				MTL_ENABLE_DEBUG_INFO = NO;
				MTL_FAST_MATH = YES;
				SDKROOT = iphoneos;
				SWIFT_COMPILATION_MODE = wholemodule;
				SWIFT_OPTIMIZATION_LEVEL = "-O";
				VALIDATE_PRODUCT = YES;
			};
			name = Release;
		};
		8089622B262C6AFE001D9C7A /* Debug */ = {
			isa = XCBuildConfiguration;
			buildSettings = {
				ASSETCATALOG_COMPILER_APPICON_NAME = AppIcon;
				ASSETCATALOG_COMPILER_GLOBAL_ACCENT_COLOR_NAME = AccentColor;
				CODE_SIGN_STYLE = Automatic;
				CURRENT_PROJECT_VERSION = 420;
				DEVELOPMENT_ASSET_PATHS = "\"Memorize/System32/Preview Content\"";
				DEVELOPMENT_TEAM = 879U287R5Q;
				ENABLE_PREVIEWS = YES;
				INFOPLIST_FILE = Memorize/System32/Info.plist;
				IPHONEOS_DEPLOYMENT_TARGET = 14.0;
				LD_RUNPATH_SEARCH_PATHS = (
					"$(inherited)",
					"@executable_path/Frameworks",
				);
				MARKETING_VERSION = 5.0;
				PRODUCT_BUNDLE_IDENTIFIER = ihValery.Memorize;
				PRODUCT_NAME = "$(TARGET_NAME)";
				SWIFT_VERSION = 5.0;
				TARGETED_DEVICE_FAMILY = "1,2";
			};
			name = Debug;
		};
		8089622C262C6AFE001D9C7A /* Release */ = {
			isa = XCBuildConfiguration;
			buildSettings = {
				ASSETCATALOG_COMPILER_APPICON_NAME = AppIcon;
				ASSETCATALOG_COMPILER_GLOBAL_ACCENT_COLOR_NAME = AccentColor;
				CODE_SIGN_STYLE = Automatic;
				CURRENT_PROJECT_VERSION = 420;
				DEVELOPMENT_ASSET_PATHS = "\"Memorize/System32/Preview Content\"";
				DEVELOPMENT_TEAM = 879U287R5Q;
				ENABLE_PREVIEWS = YES;
				INFOPLIST_FILE = Memorize/System32/Info.plist;
				IPHONEOS_DEPLOYMENT_TARGET = 14.0;
				LD_RUNPATH_SEARCH_PATHS = (
					"$(inherited)",
					"@executable_path/Frameworks",
				);
				MARKETING_VERSION = 5.0;
				PRODUCT_BUNDLE_IDENTIFIER = ihValery.Memorize;
				PRODUCT_NAME = "$(TARGET_NAME)";
				SWIFT_VERSION = 5.0;
				TARGETED_DEVICE_FAMILY = "1,2";
			};
			name = Release;
		};
/* End XCBuildConfiguration section */

/* Begin XCConfigurationList section */
		80896216262C6AFB001D9C7A /* Build configuration list for PBXProject "Memorize" */ = {
			isa = XCConfigurationList;
			buildConfigurations = (
				80896228262C6AFE001D9C7A /* Debug */,
				80896229262C6AFE001D9C7A /* Release */,
			);
			defaultConfigurationIsVisible = 0;
			defaultConfigurationName = Release;
		};
		8089622A262C6AFE001D9C7A /* Build configuration list for PBXNativeTarget "Memorize" */ = {
			isa = XCConfigurationList;
			buildConfigurations = (
				8089622B262C6AFE001D9C7A /* Debug */,
				8089622C262C6AFE001D9C7A /* Release */,
			);
			defaultConfigurationIsVisible = 0;
			defaultConfigurationName = Release;
		};
/* End XCConfigurationList section */

/* Begin XCRemoteSwiftPackageReference section */
		806C1A73266FCD6E00109432 /* XCRemoteSwiftPackageReference "firebase-ios-sdk" */ = {
			isa = XCRemoteSwiftPackageReference;
			repositoryURL = "https://github.com/firebase/firebase-ios-sdk.git";
			requirement = {
				kind = upToNextMajorVersion;
				minimumVersion = 8.1.0;
			};
		};
/* End XCRemoteSwiftPackageReference section */

/* Begin XCSwiftPackageProductDependency section */
		806C1A74266FCD6E00109432 /* FirebaseAuth */ = {
			isa = XCSwiftPackageProductDependency;
			package = 806C1A73266FCD6E00109432 /* XCRemoteSwiftPackageReference "firebase-ios-sdk" */;
			productName = FirebaseAuth;
		};
		806C1A76266FCD6E00109432 /* FirebaseFirestore */ = {
			isa = XCSwiftPackageProductDependency;
			package = 806C1A73266FCD6E00109432 /* XCRemoteSwiftPackageReference "firebase-ios-sdk" */;
			productName = FirebaseFirestore;
		};
		806C1A78266FCD6E00109432 /* FirebaseStorage */ = {
			isa = XCSwiftPackageProductDependency;
			package = 806C1A73266FCD6E00109432 /* XCRemoteSwiftPackageReference "firebase-ios-sdk" */;
			productName = FirebaseStorage;
		};
/* End XCSwiftPackageProductDependency section */
	};
	rootObject = 80896213262C6AFB001D9C7A /* Project object */;
}
